
Microsoft Visual Studio Solution File, Format Version 12.00
# Visual Studio Version 16
VisualStudioVersion = 16.0.810.16
MinimumVisualStudioVersion = 10.0.40219.1
Project("{FAE04EC0-301F-11D3-BF4B-00C04F79EFBC}") = "WorkingWithVisualStudio", "WorkingWithVisualStudio.csproj", "{D2624212-76C4-4B19-A933-6119CF3927F7}"
EndProject
Global
	GlobalSection(SolutionConfigurationPlatforms) = preSolution
		Debug|Any CPU = Debug|Any CPU
		Release|Any CPU = Release|Any CPU
	EndGlobalSection
	GlobalSection(ProjectConfigurationPlatforms) = postSolution
		{D2624212-76C4-4B19-A933-6119CF3927F7}.Debug|Any CPU.ActiveCfg = Debug|Any CPU
		{D2624212-76C4-4B19-A933-6119CF3927F7}.Debug|Any CPU.Build.0 = Debug|Any CPU
		{D2624212-76C4-4B19-A933-6119CF3927F7}.Release|Any CPU.ActiveCfg = Release|Any CPU
		{D2624212-76C4-4B19-A933-6119CF3927F7}.Release|Any CPU.Build.0 = Release|Any CPU
	EndGlobalSection
	GlobalSection(SolutionProperties) = preSolution
		HideSolutionNode = FALSE
	EndGlobalSection
	GlobalSection(ExtensibilityGlobals) = postSolution
		SolutionGuid = {356D1184-562F-4E03-A81C-6B0FCF570C6F}
	EndGlobalSection
EndGlobal
